// !$*UTF8*$!
{
	archiveVersion = 1;
	classes = {
	};
	objectVersion = 50;
	objects = {

/* Begin PBXBuildFile section */
		F979664B252E06B600F527AA /* ContentView.swift in Sources */ = {isa = PBXBuildFile; fileRef = F979664A252E06B600F527AA /* ContentView.swift */; };
		F97E323F2525C9E0004287B6 /* Nombre_MystereApp.swift in Sources */ = {isa = PBXBuildFile; fileRef = F97E323E2525C9E0004287B6 /* Nombre_MystereApp.swift */; };
		F97E32432525C9E1004287B6 /* Assets.xcassets in Resources */ = {isa = PBXBuildFile; fileRef = F97E32422525C9E1004287B6 /* Assets.xcassets */; };
		F97E32462525C9E1004287B6 /* Preview Assets.xcassets in Resources */ = {isa = PBXBuildFile; fileRef = F97E32452525C9E1004287B6 /* Preview Assets.xcassets */; };
		F97E324F2525CE57004287B6 /* StartView.swift in Sources */ = {isa = PBXBuildFile; fileRef = F97E324E2525CE57004287B6 /* StartView.swift */; };
		F97E32522525D4C6004287B6 /* ProposedNumberView.swift in Sources */ = {isa = PBXBuildFile; fileRef = F97E32512525D4C6004287B6 /* ProposedNumberView.swift */; };
		F9AC9F09252DF3190045E4E2 /* GameManager.swift in Sources */ = {isa = PBXBuildFile; fileRef = F9AC9F08252DF3190045E4E2 /* GameManager.swift */; };
/* End PBXBuildFile section */

/* Begin PBXFileReference section */
		F979664A252E06B600F527AA /* ContentView.swift */ = {isa = PBXFileReference; lastKnownFileType = sourcecode.swift; path = ContentView.swift; sourceTree = "<group>"; };
		F97E323B2525C9DF004287B6 /* Nombre Mystere.app */ = {isa = PBXFileReference; explicitFileType = wrapper.application; includeInIndex = 0; path = "Nombre Mystere.app"; sourceTree = BUILT_PRODUCTS_DIR; };
		F97E323E2525C9E0004287B6 /* Nombre_MystereApp.swift */ = {isa = PBXFileReference; lastKnownFileType = sourcecode.swift; path = Nombre_MystereApp.swift; sourceTree = "<group>"; };
		F97E32422525C9E1004287B6 /* Assets.xcassets */ = {isa = PBXFileReference; lastKnownFileType = folder.assetcatalog; path = Assets.xcassets; sourceTree = "<group>"; };
		F97E32452525C9E1004287B6 /* Preview Assets.xcassets */ = {isa = PBXFileReference; lastKnownFileType = folder.assetcatalog; path = "Preview Assets.xcassets"; sourceTree = "<group>"; };
		F97E32472525C9E1004287B6 /* Info.plist */ = {isa = PBXFileReference; lastKnownFileType = text.plist.xml; path = Info.plist; sourceTree = "<group>"; };
		F97E324E2525CE57004287B6 /* StartView.swift */ = {isa = PBXFileReference; lastKnownFileType = sourcecode.swift; path = StartView.swift; sourceTree = "<group>"; };
		F97E32512525D4C6004287B6 /* ProposedNumberView.swift */ = {isa = PBXFileReference; lastKnownFileType = sourcecode.swift; path = ProposedNumberView.swift; sourceTree = "<group>"; };
		F9AC9F08252DF3190045E4E2 /* GameManager.swift */ = {isa = PBXFileReference; lastKnownFileType = sourcecode.swift; path = GameManager.swift; sourceTree = "<group>"; };
/* End PBXFileReference section */

/* Begin PBXFrameworksBuildPhase section */
		F97E32382525C9DF004287B6 /* Frameworks */ = {
			isa = PBXFrameworksBuildPhase;
			buildActionMask = 2147483647;
			files = (
			);
			runOnlyForDeploymentPostprocessing = 0;
		};
/* End PBXFrameworksBuildPhase section */

/* Begin PBXGroup section */
		F97E32322525C9DF004287B6 = {
			isa = PBXGroup;
			children = (
				F97E323D2525C9DF004287B6 /* Nombre Mystere */,
				F97E323C2525C9DF004287B6 /* Products */,
			);
			sourceTree = "<group>";
		};
		F97E323C2525C9DF004287B6 /* Products */ = {
			isa = PBXGroup;
			children = (
				F97E323B2525C9DF004287B6 /* Nombre Mystere.app */,
			);
			name = Products;
			sourceTree = "<group>";
		};
		F97E323D2525C9DF004287B6 /* Nombre Mystere */ = {
			isa = PBXGroup;
			children = (
				F9AC9F07252DEBDA0045E4E2 /* data */,
				F9AC9F06252DEB9B0045E4E2 /* ui */,
				F97E323E2525C9E0004287B6 /* Nombre_MystereApp.swift */,
				F97E32422525C9E1004287B6 /* Assets.xcassets */,
				F97E32472525C9E1004287B6 /* Info.plist */,
				F97E32442525C9E1004287B6 /* Preview Content */,
			);
			path = "Nombre Mystere";
			sourceTree = "<group>";
		};
		F97E32442525C9E1004287B6 /* Preview Content */ = {
			isa = PBXGroup;
			children = (
				F97E32452525C9E1004287B6 /* Preview Assets.xcassets */,
			);
			path = "Preview Content";
			sourceTree = "<group>";
		};
		F9AC9F06252DEB9B0045E4E2 /* ui */ = {
			isa = PBXGroup;
			children = (
				F97E324E2525CE57004287B6 /* StartView.swift */,
				F97E32512525D4C6004287B6 /* ProposedNumberView.swift */,
				F979664A252E06B600F527AA /* ContentView.swift */,
			);
			path = ui;
			sourceTree = "<group>";
		};
		F9AC9F07252DEBDA0045E4E2 /* data */ = {
			isa = PBXGroup;
			children = (
				F9AC9F08252DF3190045E4E2 /* GameManager.swift */,
			);
			path = data;
			sourceTree = "<group>";
		};
/* End PBXGroup section */

/* Begin PBXNativeTarget section */
		F97E323A2525C9DF004287B6 /* Nombre Mystere */ = {
			isa = PBXNativeTarget;
			buildConfigurationList = F97E324A2525C9E1004287B6 /* Build configuration list for PBXNativeTarget "Nombre Mystere" */;
			buildPhases = (
				F97E32372525C9DF004287B6 /* Sources */,
				F97E32382525C9DF004287B6 /* Frameworks */,
				F97E32392525C9DF004287B6 /* Resources */,
			);
			buildRules = (
			);
			dependencies = (
			);
			name = "Nombre Mystere";
			productName = "Nombre Mystere";
			productReference = F97E323B2525C9DF004287B6 /* Nombre Mystere.app */;
			productType = "com.apple.product-type.application";
		};
/* End PBXNativeTarget section */

/* Begin PBXProject section */
		F97E32332525C9DF004287B6 /* Project object */ = {
			isa = PBXProject;
			attributes = {
				LastSwiftUpdateCheck = 1200;
				LastUpgradeCheck = 1200;
				TargetAttributes = {
					F97E323A2525C9DF004287B6 = {
						CreatedOnToolsVersion = 12.0.1;
					};
				};
			};
			buildConfigurationList = F97E32362525C9DF004287B6 /* Build configuration list for PBXProject "Nombre Mystere" */;
			compatibilityVersion = "Xcode 9.3";
			developmentRegion = en;
			hasScannedForEncodings = 0;
			knownRegions = (
				en,
				Base,
			);
			mainGroup = F97E32322525C9DF004287B6;
			productRefGroup = F97E323C2525C9DF004287B6 /* Products */;
			projectDirPath = "";
			projectRoot = "";
			targets = (
				F97E323A2525C9DF004287B6 /* Nombre Mystere */,
			);
		};
/* End PBXProject section */

/* Begin PBXResourcesBuildPhase section */
		F97E32392525C9DF004287B6 /* Resources */ = {
			isa = PBXResourcesBuildPhase;
			buildActionMask = 2147483647;
			files = (
				F97E32462525C9E1004287B6 /* Preview Assets.xcassets in Resources */,
				F97E32432525C9E1004287B6 /* Assets.xcassets in Resources */,
			);
			runOnlyForDeploymentPostprocessing = 0;
		};
/* End PBXResourcesBuildPhase section */

/* Begin PBXSourcesBuildPhase section */
		F97E32372525C9DF004287B6 /* Sources */ = {
			isa = PBXSourcesBuildPhase;
			buildActionMask = 2147483647;
			files = (
				F97E32522525D4C6004287B6 /* ProposedNumberView.swift in Sources */,
				F979664B252E06B600F527AA /* ContentView.swift in Sources */,
				F9AC9F09252DF3190045E4E2 /* GameManager.swift in Sources */,
				F97E324F2525CE57004287B6 /* StartView.swift in Sources */,
				F97E323F2525C9E0004287B6 /* Nombre_MystereApp.swift in Sources */,
			);
			runOnlyForDeploymentPostprocessing = 0;
		};
/* End PBXSourcesBuildPhase section */

/* Begin XCBuildConfiguration section */
		F97E32482525C9E1004287B6 /* Debug */ = {
			isa = XCBuildConfiguration;
			buildSettings = {
				ALWAYS_SEARCH_USER_PATHS = NO;
				CLANG_ANALYZER_NONNULL = YES;
				CLANG_ANALYZER_NUMBER_OBJECT_CONVERSION = YES_AGGRESSIVE;
				CLANG_CXX_LANGUAGE_STANDARD = "gnu++14";
				CLANG_CXX_LIBRARY = "libc++";
				CLANG_ENABLE_MODULES = YES;
				CLANG_ENABLE_OBJC_ARC = YES;
				CLANG_ENABLE_OBJC_WEAK = YES;
				CLANG_WARN_BLOCK_CAPTURE_AUTORELEASING = YES;
				CLANG_WARN_BOOL_CONVERSION = YES;
				CLANG_WARN_COMMA = YES;
				CLANG_WARN_CONSTANT_CONVERSION = YES;
				CLANG_WARN_DEPRECATED_OBJC_IMPLEMENTATIONS = YES;
				CLANG_WARN_DIRECT_OBJC_ISA_USAGE = YES_ERROR;
				CLANG_WARN_DOCUMENTATION_COMMENTS = YES;
				CLANG_WARN_EMPTY_BODY = YES;
				CLANG_WARN_ENUM_CONVERSION = YES;
				CLANG_WARN_INFINITE_RECURSION = YES;
				CLANG_WARN_INT_CONVERSION = YES;
				CLANG_WARN_NON_LITERAL_NULL_CONVERSION = YES;
				CLANG_WARN_OBJC_IMPLICIT_RETAIN_SELF = YES;
				CLANG_WARN_OBJC_LITERAL_CONVERSION = YES;
				CLANG_WARN_OBJC_ROOT_CLASS = YES_ERROR;
				CLANG_WARN_QUOTED_INCLUDE_IN_FRAMEWORK_HEADER = YES;
				CLANG_WARN_RANGE_LOOP_ANALYSIS = YES;
				CLANG_WARN_STRICT_PROTOTYPES = YES;
				CLANG_WARN_SUSPICIOUS_MOVE = YES;
				CLANG_WARN_UNGUARDED_AVAILABILITY = YES_AGGRESSIVE;
				CLANG_WARN_UNREACHABLE_CODE = YES;
				CLANG_WARN__DUPLICATE_METHOD_MATCH = YES;
				COPY_PHASE_STRIP = NO;
				DEBUG_INFORMATION_FORMAT = dwarf;
				ENABLE_STRICT_OBJC_MSGSEND = YES;
				ENABLE_TESTABILITY = YES;
				GCC_C_LANGUAGE_STANDARD = gnu11;
				GCC_DYNAMIC_NO_PIC = NO;
				GCC_NO_COMMON_BLOCKS = YES;
				GCC_OPTIMIZATION_LEVEL = 0;
				GCC_PREPROCESSOR_DEFINITIONS = (
					"DEBUG=1",
					"$(inherited)",
				);
				GCC_WARN_64_TO_32_BIT_CONVERSION = YES;
				GCC_WARN_ABOUT_RETURN_TYPE = YES_ERROR;
				GCC_WARN_UNDECLARED_SELECTOR = YES;
				GCC_WARN_UNINITIALIZED_AUTOS = YES_AGGRESSIVE;
				GCC_WARN_UNUSED_FUNCTION = YES;
				GCC_WARN_UNUSED_VARIABLE = YES;
				IPHONEOS_DEPLOYMENT_TARGET = 14.0;
				MTL_ENABLE_DEBUG_INFO = INCLUDE_SOURCE;
				MTL_FAST_MATH = YES;
				ONLY_ACTIVE_ARCH = YES;
				SDKROOT = iphoneos;
				SWIFT_ACTIVE_COMPILATION_CONDITIONS = DEBUG;
				SWIFT_OPTIMIZATION_LEVEL = "-Onone";
			};
			name = Debug;
		};
		F97E32492525C9E1004287B6 /* Release */ = {
			isa = XCBuildConfiguration;
			buildSettings = {
				ALWAYS_SEARCH_USER_PATHS = NO;
				CLANG_ANALYZER_NONNULL = YES;
				CLANG_ANALYZER_NUMBER_OBJECT_CONVERSION = YES_AGGRESSIVE;
				CLANG_CXX_LANGUAGE_STANDARD = "gnu++14";
				CLANG_CXX_LIBRARY = "libc++";
				CLANG_ENABLE_MODULES = YES;
				CLANG_ENABLE_OBJC_ARC = YES;
				CLANG_ENABLE_OBJC_WEAK = YES;
				CLANG_WARN_BLOCK_CAPTURE_AUTORELEASING = YES;
				CLANG_WARN_BOOL_CONVERSION = YES;
				CLANG_WARN_COMMA = YES;
				CLANG_WARN_CONSTANT_CONVERSION = YES;
				CLANG_WARN_DEPRECATED_OBJC_IMPLEMENTATIONS = YES;
				CLANG_WARN_DIRECT_OBJC_ISA_USAGE = YES_ERROR;
				CLANG_WARN_DOCUMENTATION_COMMENTS = YES;
				CLANG_WARN_EMPTY_BODY = YES;
				CLANG_WARN_ENUM_CONVERSION = YES;
				CLANG_WARN_INFINITE_RECURSION = YES;
				CLANG_WARN_INT_CONVERSION = YES;
				CLANG_WARN_NON_LITERAL_NULL_CONVERSION = YES;
				CLANG_WARN_OBJC_IMPLICIT_RETAIN_SELF = YES;
				CLANG_WARN_OBJC_LITERAL_CONVERSION = YES;
				CLANG_WARN_OBJC_ROOT_CLASS = YES_ERROR;
				CLANG_WARN_QUOTED_INCLUDE_IN_FRAMEWORK_HEADER = YES;
				CLANG_WARN_RANGE_LOOP_ANALYSIS = YES;
				CLANG_WARN_STRICT_PROTOTYPES = YES;
				CLANG_WARN_SUSPICIOUS_MOVE = YES;
				CLANG_WARN_UNGUARDED_AVAILABILITY = YES_AGGRESSIVE;
				CLANG_WARN_UNREACHABLE_CODE = YES;
				CLANG_WARN__DUPLICATE_METHOD_MATCH = YES;
				COPY_PHASE_STRIP = NO;
				DEBUG_INFORMATION_FORMAT = "dwarf-with-dsym";
				ENABLE_NS_ASSERTIONS = NO;
				ENABLE_STRICT_OBJC_MSGSEND = YES;
				GCC_C_LANGUAGE_STANDARD = gnu11;
				GCC_NO_COMMON_BLOCKS = YES;
				GCC_WARN_64_TO_32_BIT_CONVERSION = YES;
				GCC_WARN_ABOUT_RETURN_TYPE = YES_ERROR;
				GCC_WARN_UNDECLARED_SELECTOR = YES;
				GCC_WARN_UNINITIALIZED_AUTOS = YES_AGGRESSIVE;
				GCC_WARN_UNUSED_FUNCTION = YES;
				GCC_WARN_UNUSED_VARIABLE = YES;
				IPHONEOS_DEPLOYMENT_TARGET = 14.0;
				MTL_ENABLE_DEBUG_INFO = NO;
				MTL_FAST_MATH = YES;
				SDKROOT = iphoneos;
				SWIFT_COMPILATION_MODE = wholemodule;
				SWIFT_OPTIMIZATION_LEVEL = "-O";
				VALIDATE_PRODUCT = YES;
			};
			name = Release;
		};
		F97E324B2525C9E1004287B6 /* Debug */ = {
			isa = XCBuildConfiguration;
			buildSettings = {
				ASSETCATALOG_COMPILER_APPICON_NAME = AppIcon;
				ASSETCATALOG_COMPILER_GLOBAL_ACCENT_COLOR_NAME = AccentColor;
				CODE_SIGN_STYLE = Automatic;
				DEVELOPMENT_ASSET_PATHS = "\"Nombre Mystere/Preview Content\"";
				DEVELOPMENT_TEAM = 2X49WW3HY6;
				ENABLE_PREVIEWS = YES;
				INFOPLIST_FILE = "Nombre Mystere/Info.plist";
				IPHONEOS_DEPLOYMENT_TARGET = 14.0;
				LD_RUNPATH_SEARCH_PATHS = (
					"$(inherited)",
					"@executable_path/Frameworks",
				);
				PRODUCT_BUNDLE_IDENTIFIER = "fr.juliendesousa.Nombre-Mystere";
				PRODUCT_NAME = "$(TARGET_NAME)";
				SWIFT_VERSION = 5.0;
				TARGETED_DEVICE_FAMILY = "1,2";
			};
			name = Debug;
		};
		F97E324C2525C9E1004287B6 /* Release */ = {
			isa = XCBuildConfiguration;
			buildSettings = {
				ASSETCATALOG_COMPILER_APPICON_NAME = AppIcon;
				ASSETCATALOG_COMPILER_GLOBAL_ACCENT_COLOR_NAME = AccentColor;
				CODE_SIGN_STYLE = Automatic;
				DEVELOPMENT_ASSET_PATHS = "\"Nombre Mystere/Preview Content\"";
				DEVELOPMENT_TEAM = 2X49WW3HY6;
				ENABLE_PREVIEWS = YES;
				INFOPLIST_FILE = "Nombre Mystere/Info.plist";
				IPHONEOS_DEPLOYMENT_TARGET = 14.0;
				LD_RUNPATH_SEARCH_PATHS = (
					"$(inherited)",
					"@executable_path/Frameworks",
				);
				PRODUCT_BUNDLE_IDENTIFIER = "fr.juliendesousa.Nombre-Mystere";
				PRODUCT_NAME = "$(TARGET_NAME)";
				SWIFT_VERSION = 5.0;
				TARGETED_DEVICE_FAMILY = "1,2";
			};
			name = Release;
		};
/* End XCBuildConfiguration section */

/* Begin XCConfigurationList section */
		F97E32362525C9DF004287B6 /* Build configuration list for PBXProject "Nombre Mystere" */ = {
			isa = XCConfigurationList;
			buildConfigurations = (
				F97E32482525C9E1004287B6 /* Debug */,
				F97E32492525C9E1004287B6 /* Release */,
			);
			defaultConfigurationIsVisible = 0;
			defaultConfigurationName = Release;
		};
		F97E324A2525C9E1004287B6 /* Build configuration list for PBXNativeTarget "Nombre Mystere" */ = {
			isa = XCConfigurationList;
			buildConfigurations = (
				F97E324B2525C9E1004287B6 /* Debug */,
				F97E324C2525C9E1004287B6 /* Release */,
			);
			defaultConfigurationIsVisible = 0;
			defaultConfigurationName = Release;
		};
/* End XCConfigurationList section */
	};
	rootObject = F97E32332525C9DF004287B6 /* Project object */;
}
